// !$*UTF8*$!
{
	archiveVersion = 1;
	classes = {
	};
	objectVersion = 48;
	objects = {

/* Begin PBXBuildFile section */
		0551C4F31FBF4EBE00867E87 /* AppDelegate.swift in Sources */ = {isa = PBXBuildFile; fileRef = 0551C4F21FBF4EBE00867E87 /* AppDelegate.swift */; };
		0551C4F81FBF4EBE00867E87 /* Main.storyboard in Resources */ = {isa = PBXBuildFile; fileRef = 0551C4F61FBF4EBE00867E87 /* Main.storyboard */; };
		0551C4FA1FBF4EBE00867E87 /* Assets.xcassets in Resources */ = {isa = PBXBuildFile; fileRef = 0551C4F91FBF4EBE00867E87 /* Assets.xcassets */; };
		0551C4FD1FBF4EBE00867E87 /* LaunchScreen.storyboard in Resources */ = {isa = PBXBuildFile; fileRef = 0551C4FB1FBF4EBE00867E87 /* LaunchScreen.storyboard */; };
		0551C5051FBF4EEC00867E87 /* TableViewController.swift in Sources */ = {isa = PBXBuildFile; fileRef = 0551C5041FBF4EEC00867E87 /* TableViewController.swift */; };
		0551C50A1FBF4FC000867E87 /* TarotCard.swift in Sources */ = {isa = PBXBuildFile; fileRef = 0551C5091FBF4FC000867E87 /* TarotCard.swift */; };
		0551C50D1FBF51D900867E87 /* APIRequestManager.swift in Sources */ = {isa = PBXBuildFile; fileRef = 0551C50C1FBF51D900867E87 /* APIRequestManager.swift */; };
		0551C50F1FBF526000867E87 /* Endpoint.swift in Sources */ = {isa = PBXBuildFile; fileRef = 0551C50E1FBF526000867E87 /* Endpoint.swift */; };
		0551C5111FBF547300867E87 /* APIError.swift in Sources */ = {isa = PBXBuildFile; fileRef = 0551C5101FBF547300867E87 /* APIError.swift */; };
/* End PBXBuildFile section */

/* Begin PBXFileReference section */
		0551C4EF1FBF4EBE00867E87 /* basicTableMVC.app */ = {isa = PBXFileReference; explicitFileType = wrapper.application; includeInIndex = 0; path = basicTableMVC.app; sourceTree = BUILT_PRODUCTS_DIR; };
		0551C4F21FBF4EBE00867E87 /* AppDelegate.swift */ = {isa = PBXFileReference; lastKnownFileType = sourcecode.swift; path = AppDelegate.swift; sourceTree = "<group>"; };
		0551C4F71FBF4EBE00867E87 /* Base */ = {isa = PBXFileReference; lastKnownFileType = file.storyboard; name = Base; path = Base.lproj/Main.storyboard; sourceTree = "<group>"; };
		0551C4F91FBF4EBE00867E87 /* Assets.xcassets */ = {isa = PBXFileReference; lastKnownFileType = folder.assetcatalog; path = Assets.xcassets; sourceTree = "<group>"; };
		0551C4FC1FBF4EBE00867E87 /* Base */ = {isa = PBXFileReference; lastKnownFileType = file.storyboard; name = Base; path = Base.lproj/LaunchScreen.storyboard; sourceTree = "<group>"; };
		0551C4FE1FBF4EBE00867E87 /* Info.plist */ = {isa = PBXFileReference; lastKnownFileType = text.plist.xml; path = Info.plist; sourceTree = "<group>"; };
		0551C5041FBF4EEC00867E87 /* TableViewController.swift */ = {isa = PBXFileReference; lastKnownFileType = sourcecode.swift; path = TableViewController.swift; sourceTree = "<group>"; };
		0551C5091FBF4FC000867E87 /* TarotCard.swift */ = {isa = PBXFileReference; lastKnownFileType = sourcecode.swift; path = TarotCard.swift; sourceTree = "<group>"; };
		0551C50C1FBF51D900867E87 /* APIRequestManager.swift */ = {isa = PBXFileReference; lastKnownFileType = sourcecode.swift; path = APIRequestManager.swift; sourceTree = "<group>"; };
		0551C50E1FBF526000867E87 /* Endpoint.swift */ = {isa = PBXFileReference; lastKnownFileType = sourcecode.swift; path = Endpoint.swift; sourceTree = "<group>"; };
		0551C5101FBF547300867E87 /* APIError.swift */ = {isa = PBXFileReference; lastKnownFileType = sourcecode.swift; path = APIError.swift; sourceTree = "<group>"; };
/* End PBXFileReference section */

/* Begin PBXFrameworksBuildPhase section */
		0551C4EC1FBF4EBE00867E87 /* Frameworks */ = {
			isa = PBXFrameworksBuildPhase;
			buildActionMask = 2147483647;
			files = (
			);
			runOnlyForDeploymentPostprocessing = 0;
		};
/* End PBXFrameworksBuildPhase section */

/* Begin PBXGroup section */
		0551C4E61FBF4EBE00867E87 = {
			isa = PBXGroup;
			children = (
				0551C4F11FBF4EBE00867E87 /* basicTableMVC */,
				0551C4F01FBF4EBE00867E87 /* Products */,
			);
			sourceTree = "<group>";
		};
		0551C4F01FBF4EBE00867E87 /* Products */ = {
			isa = PBXGroup;
			children = (
				0551C4EF1FBF4EBE00867E87 /* basicTableMVC.app */,
			);
			name = Products;
			sourceTree = "<group>";
		};
		0551C4F11FBF4EBE00867E87 /* basicTableMVC */ = {
			isa = PBXGroup;
			children = (
				0551C4FE1FBF4EBE00867E87 /* Info.plist */,
				0551C4F21FBF4EBE00867E87 /* AppDelegate.swift */,
				0551C5081FBF4F0F00867E87 /* Models */,
				0551C5071FBF4F0400867E87 /* Views */,
				0551C5061FBF4EF400867E87 /* Controllers */,
				0551C50B1FBF51C300867E87 /* Networking */,
			);
			path = basicTableMVC;
			sourceTree = "<group>";
		};
		0551C5061FBF4EF400867E87 /* Controllers */ = {
			isa = PBXGroup;
			children = (
				0551C5041FBF4EEC00867E87 /* TableViewController.swift */,
			);
			path = Controllers;
			sourceTree = "<group>";
		};
		0551C5071FBF4F0400867E87 /* Views */ = {
			isa = PBXGroup;
			children = (
				0551C4F61FBF4EBE00867E87 /* Main.storyboard */,
				0551C4F91FBF4EBE00867E87 /* Assets.xcassets */,
				0551C4FB1FBF4EBE00867E87 /* LaunchScreen.storyboard */,
			);
			path = Views;
			sourceTree = "<group>";
		};
		0551C5081FBF4F0F00867E87 /* Models */ = {
			isa = PBXGroup;
			children = (
				0551C5091FBF4FC000867E87 /* TarotCard.swift */,
			);
			path = Models;
			sourceTree = "<group>";
		};
		0551C50B1FBF51C300867E87 /* Networking */ = {
			isa = PBXGroup;
			children = (
				0551C50C1FBF51D900867E87 /* APIRequestManager.swift */,
				0551C50E1FBF526000867E87 /* Endpoint.swift */,
				0551C5101FBF547300867E87 /* APIError.swift */,
			);
			path = Networking;
			sourceTree = "<group>";
		};
/* End PBXGroup section */

/* Begin PBXNativeTarget section */
		0551C4EE1FBF4EBE00867E87 /* basicTableMVC */ = {
			isa = PBXNativeTarget;
			buildConfigurationList = 0551C5011FBF4EBE00867E87 /* Build configuration list for PBXNativeTarget "basicTableMVC" */;
			buildPhases = (
				0551C4EB1FBF4EBE00867E87 /* Sources */,
				0551C4EC1FBF4EBE00867E87 /* Frameworks */,
				0551C4ED1FBF4EBE00867E87 /* Resources */,
			);
			buildRules = (
			);
			dependencies = (
			);
			name = basicTableMVC;
			productName = basicTableMVC;
			productReference = 0551C4EF1FBF4EBE00867E87 /* basicTableMVC.app */;
			productType = "com.apple.product-type.application";
		};
/* End PBXNativeTarget section */

/* Begin PBXProject section */
		0551C4E71FBF4EBE00867E87 /* Project object */ = {
			isa = PBXProject;
			attributes = {
				LastSwiftUpdateCheck = 0910;
				LastUpgradeCheck = 0910;
				ORGANIZATIONNAME = "Marty Hernandez Avedon";
				TargetAttributes = {
					0551C4EE1FBF4EBE00867E87 = {
						CreatedOnToolsVersion = 9.1;
						ProvisioningStyle = Automatic;
					};
				};
			};
			buildConfigurationList = 0551C4EA1FBF4EBE00867E87 /* Build configuration list for PBXProject "basicTableMVC" */;
			compatibilityVersion = "Xcode 8.0";
			developmentRegion = en;
			hasScannedForEncodings = 0;
			knownRegions = (
				en,
				Base,
			);
			mainGroup = 0551C4E61FBF4EBE00867E87;
			productRefGroup = 0551C4F01FBF4EBE00867E87 /* Products */;
			projectDirPath = "";
			projectRoot = "";
			targets = (
				0551C4EE1FBF4EBE00867E87 /* basicTableMVC */,
			);
		};
/* End PBXProject section */

/* Begin PBXResourcesBuildPhase section */
		0551C4ED1FBF4EBE00867E87 /* Resources */ = {
			isa = PBXResourcesBuildPhase;
			buildActionMask = 2147483647;
			files = (
				0551C4FD1FBF4EBE00867E87 /* LaunchScreen.storyboard in Resources */,
				0551C4FA1FBF4EBE00867E87 /* Assets.xcassets in Resources */,
				0551C4F81FBF4EBE00867E87 /* Main.storyboard in Resources */,
			);
			runOnlyForDeploymentPostprocessing = 0;
		};
/* End PBXResourcesBuildPhase section */

/* Begin PBXSourcesBuildPhase section */
		0551C4EB1FBF4EBE00867E87 /* Sources */ = {
			isa = PBXSourcesBuildPhase;
			buildActionMask = 2147483647;
			files = (
				0551C50D1FBF51D900867E87 /* APIRequestManager.swift in Sources */,
				0551C4F31FBF4EBE00867E87 /* AppDelegate.swift in Sources */,
				0551C5051FBF4EEC00867E87 /* TableViewController.swift in Sources */,
				0551C50A1FBF4FC000867E87 /* TarotCard.swift in Sources */,
				0551C5111FBF547300867E87 /* APIError.swift in Sources */,
				0551C50F1FBF526000867E87 /* Endpoint.swift in Sources */,
			);
			runOnlyForDeploymentPostprocessing = 0;
		};
/* End PBXSourcesBuildPhase section */

/* Begin PBXVariantGroup section */
		0551C4F61FBF4EBE00867E87 /* Main.storyboard */ = {
			isa = PBXVariantGroup;
			children = (
				0551C4F71FBF4EBE00867E87 /* Base */,
			);
			name = Main.storyboard;
			sourceTree = "<group>";
		};
		0551C4FB1FBF4EBE00867E87 /* LaunchScreen.storyboard */ = {
			isa = PBXVariantGroup;
			children = (
				0551C4FC1FBF4EBE00867E87 /* Base */,
			);
			name = LaunchScreen.storyboard;
			sourceTree = "<group>";
		};
/* End PBXVariantGroup section */

/* Begin XCBuildConfiguration section */
		0551C4FF1FBF4EBE00867E87 /* Debug */ = {
			isa = XCBuildConfiguration;
			buildSettings = {
				ALWAYS_SEARCH_USER_PATHS = NO;
				CLANG_ANALYZER_NONNULL = YES;
				CLANG_ANALYZER_NUMBER_OBJECT_CONVERSION = YES_AGGRESSIVE;
				CLANG_CXX_LANGUAGE_STANDARD = "gnu++14";
				CLANG_CXX_LIBRARY = "libc++";
				CLANG_ENABLE_MODULES = YES;
				CLANG_ENABLE_OBJC_ARC = YES;
				CLANG_WARN_BLOCK_CAPTURE_AUTORELEASING = YES;
				CLANG_WARN_BOOL_CONVERSION = YES;
				CLANG_WARN_COMMA = YES;
				CLANG_WARN_CONSTANT_CONVERSION = YES;
				CLANG_WARN_DIRECT_OBJC_ISA_USAGE = YES_ERROR;
				CLANG_WARN_DOCUMENTATION_COMMENTS = YES;
				CLANG_WARN_EMPTY_BODY = YES;
				CLANG_WARN_ENUM_CONVERSION = YES;
				CLANG_WARN_INFINITE_RECURSION = YES;
				CLANG_WARN_INT_CONVERSION = YES;
				CLANG_WARN_NON_LITERAL_NULL_CONVERSION = YES;
				CLANG_WARN_OBJC_LITERAL_CONVERSION = YES;
				CLANG_WARN_OBJC_ROOT_CLASS = YES_ERROR;
				CLANG_WARN_RANGE_LOOP_ANALYSIS = YES;
				CLANG_WARN_STRICT_PROTOTYPES = YES;
				CLANG_WARN_SUSPICIOUS_MOVE = YES;
				CLANG_WARN_UNGUARDED_AVAILABILITY = YES_AGGRESSIVE;
				CLANG_WARN_UNREACHABLE_CODE = YES;
				CLANG_WARN__DUPLICATE_METHOD_MATCH = YES;
				CODE_SIGN_IDENTITY = "iPhone Developer";
				COPY_PHASE_STRIP = NO;
				DEBUG_INFORMATION_FORMAT = dwarf;
				ENABLE_STRICT_OBJC_MSGSEND = YES;
				ENABLE_TESTABILITY = YES;
				GCC_C_LANGUAGE_STANDARD = gnu11;
				GCC_DYNAMIC_NO_PIC = NO;
				GCC_NO_COMMON_BLOCKS = YES;
				GCC_OPTIMIZATION_LEVEL = 0;
				GCC_PREPROCESSOR_DEFINITIONS = (
					"DEBUG=1",
					"$(inherited)",
				);
				GCC_WARN_64_TO_32_BIT_CONVERSION = YES;
				GCC_WARN_ABOUT_RETURN_TYPE = YES_ERROR;
				GCC_WARN_UNDECLARED_SELECTOR = YES;
				GCC_WARN_UNINITIALIZED_AUTOS = YES_AGGRESSIVE;
				GCC_WARN_UNUSED_FUNCTION = YES;
				GCC_WARN_UNUSED_VARIABLE = YES;
				IPHONEOS_DEPLOYMENT_TARGET = 11.1;
				MTL_ENABLE_DEBUG_INFO = YES;
				ONLY_ACTIVE_ARCH = YES;
				SDKROOT = iphoneos;
				SWIFT_ACTIVE_COMPILATION_CONDITIONS = DEBUG;
				SWIFT_OPTIMIZATION_LEVEL = "-Onone";
			};
			name = Debug;
		};
		0551C5001FBF4EBE00867E87 /* Release */ = {
			isa = XCBuildConfiguration;
			buildSettings = {
				ALWAYS_SEARCH_USER_PATHS = NO;
				CLANG_ANALYZER_NONNULL = YES;
				CLANG_ANALYZER_NUMBER_OBJECT_CONVERSION = YES_AGGRESSIVE;
				CLANG_CXX_LANGUAGE_STANDARD = "gnu++14";
				CLANG_CXX_LIBRARY = "libc++";
				CLANG_ENABLE_MODULES = YES;
				CLANG_ENABLE_OBJC_ARC = YES;
				CLANG_WARN_BLOCK_CAPTURE_AUTORELEASING = YES;
				CLANG_WARN_BOOL_CONVERSION = YES;
				CLANG_WARN_COMMA = YES;
				CLANG_WARN_CONSTANT_CONVERSION = YES;
				CLANG_WARN_DIRECT_OBJC_ISA_USAGE = YES_ERROR;
				CLANG_WARN_DOCUMENTATION_COMMENTS = YES;
				CLANG_WARN_EMPTY_BODY = YES;
				CLANG_WARN_ENUM_CONVERSION = YES;
				CLANG_WARN_INFINITE_RECURSION = YES;
				CLANG_WARN_INT_CONVERSION = YES;
				CLANG_WARN_NON_LITERAL_NULL_CONVERSION = YES;
				CLANG_WARN_OBJC_LITERAL_CONVERSION = YES;
				CLANG_WARN_OBJC_ROOT_CLASS = YES_ERROR;
				CLANG_WARN_RANGE_LOOP_ANALYSIS = YES;
				CLANG_WARN_STRICT_PROTOTYPES = YES;
				CLANG_WARN_SUSPICIOUS_MOVE = YES;
				CLANG_WARN_UNGUARDED_AVAILABILITY = YES_AGGRESSIVE;
				CLANG_WARN_UNREACHABLE_CODE = YES;
				CLANG_WARN__DUPLICATE_METHOD_MATCH = YES;
				CODE_SIGN_IDENTITY = "iPhone Developer";
				COPY_PHASE_STRIP = NO;
				DEBUG_INFORMATION_FORMAT = "dwarf-with-dsym";
				ENABLE_NS_ASSERTIONS = NO;
				ENABLE_STRICT_OBJC_MSGSEND = YES;
				GCC_C_LANGUAGE_STANDARD = gnu11;
				GCC_NO_COMMON_BLOCKS = YES;
				GCC_WARN_64_TO_32_BIT_CONVERSION = YES;
				GCC_WARN_ABOUT_RETURN_TYPE = YES_ERROR;
				GCC_WARN_UNDECLARED_SELECTOR = YES;
				GCC_WARN_UNINITIALIZED_AUTOS = YES_AGGRESSIVE;
				GCC_WARN_UNUSED_FUNCTION = YES;
				GCC_WARN_UNUSED_VARIABLE = YES;
				IPHONEOS_DEPLOYMENT_TARGET = 11.1;
				MTL_ENABLE_DEBUG_INFO = NO;
				SDKROOT = iphoneos;
				SWIFT_OPTIMIZATION_LEVEL = "-Owholemodule";
				VALIDATE_PRODUCT = YES;
			};
			name = Release;
		};
		0551C5021FBF4EBE00867E87 /* Debug */ = {
			isa = XCBuildConfiguration;
			buildSettings = {
				ASSETCATALOG_COMPILER_APPICON_NAME = AppIcon;
				CODE_SIGN_STYLE = Automatic;
				INFOPLIST_FILE = basicTableMVC/Info.plist;
				LD_RUNPATH_SEARCH_PATHS = "$(inherited) @executable_path/Frameworks";
				PRODUCT_BUNDLE_IDENTIFIER = c4q.nyc.basicTableMVC;
				PRODUCT_NAME = "$(TARGET_NAME)";
				SWIFT_VERSION = 4.0;
				TARGETED_DEVICE_FAMILY = "1,2";
			};
			name = Debug;
		};
		0551C5031FBF4EBE00867E87 /* Release */ = {
			isa = XCBuildConfiguration;
			buildSettings = {
				ASSETCATALOG_COMPILER_APPICON_NAME = AppIcon;
				CODE_SIGN_STYLE = Automatic;
				INFOPLIST_FILE = basicTableMVC/Info.plist;
				LD_RUNPATH_SEARCH_PATHS = "$(inherited) @executable_path/Frameworks";
				PRODUCT_BUNDLE_IDENTIFIER = c4q.nyc.basicTableMVC;
				PRODUCT_NAME = "$(TARGET_NAME)";
				SWIFT_VERSION = 4.0;
				TARGETED_DEVICE_FAMILY = "1,2";
			};
			name = Release;
		};
/* End XCBuildConfiguration section */

/* Begin XCConfigurationList section */
		0551C4EA1FBF4EBE00867E87 /* Build configuration list for PBXProject "basicTableMVC" */ = {
			isa = XCConfigurationList;
			buildConfigurations = (
				0551C4FF1FBF4EBE00867E87 /* Debug */,
				0551C5001FBF4EBE00867E87 /* Release */,
			);
			defaultConfigurationIsVisible = 0;
			defaultConfigurationName = Release;
		};
		0551C5011FBF4EBE00867E87 /* Build configuration list for PBXNativeTarget "basicTableMVC" */ = {
			isa = XCConfigurationList;
			buildConfigurations = (
				0551C5021FBF4EBE00867E87 /* Debug */,
				0551C5031FBF4EBE00867E87 /* Release */,
			);
			defaultConfigurationIsVisible = 0;
			defaultConfigurationName = Release;
		};
/* End XCConfigurationList section */
	};
	rootObject = 0551C4E71FBF4EBE00867E87 /* Project object */;
}
